
Microsoft Visual Studio Solution File, Format Version 12.00
Project("{FAE04EC0-301F-11D3-BF4B-00C04F79EFBC}") = "COMP2139-Labs", "COMP2139-Labs.csproj", "{2F742987-6997-45E1-B1E1-59F1B08F9BAD}"
EndProject
Global
	GlobalSection(SolutionConfigurationPlatforms) = preSolution
		Debug|Any CPU = Debug|Any CPU
		Release|Any CPU = Release|Any CPU
	EndGlobalSection
	GlobalSection(ProjectConfigurationPlatforms) = postSolution
		{2F742987-6997-45E1-B1E1-59F1B08F9BAD}.Debug|Any CPU.ActiveCfg = Debug|Any CPU
		{2F742987-6997-45E1-B1E1-59F1B08F9BAD}.Debug|Any CPU.Build.0 = Debug|Any CPU
		{2F742987-6997-45E1-B1E1-59F1B08F9BAD}.Release|Any CPU.ActiveCfg = Release|Any CPU
		{2F742987-6997-45E1-B1E1-59F1B08F9BAD}.Release|Any CPU.Build.0 = Release|Any CPU
	EndGlobalSection
EndGlobal
